
Microsoft Visual Studio Solution File, Format Version 12.00
# Visual Studio Version 16
VisualStudioVersion = 16.0.31205.134
MinimumVisualStudioVersion = 10.0.40219.1
Project("{9A19103F-16F7-4668-BE54-9A1E7A4F7556}") = "LeagueRecords.Application.Api", "..\..\League records\LeagueRecords.Application.Api\LeagueRecords.Application.Api.csproj", "{5CAC9DAB-8561-4383-AB19-3E42366D7FBE}"
EndProject
Project("{9A19103F-16F7-4668-BE54-9A1E7A4F7556}") = "LeagueRecords.Application.Core", "..\..\League records\LeagueRecords.Application.Core\LeagueRecords.Application.Core.csproj", "{6258C65E-BC85-49ED-A17D-C4055BE6FAA7}"
EndProject
Project("{9A19103F-16F7-4668-BE54-9A1E7A4F7556}") = "LeagueRecords.Application.Db", "..\..\League records\LeagueRecords.Application.Db\LeagueRecords.Application.Db.csproj", "{B9E50ADE-A992-4ABF-A21C-DE302373DD90}"
EndProject
Global
	GlobalSection(SolutionConfigurationPlatforms) = preSolution
		Debug|Any CPU = Debug|Any CPU
		Release|Any CPU = Release|Any CPU
	EndGlobalSection
	GlobalSection(ProjectConfigurationPlatforms) = postSolution
		{5CAC9DAB-8561-4383-AB19-3E42366D7FBE}.Debug|Any CPU.ActiveCfg = Debug|Any CPU
		{5CAC9DAB-8561-4383-AB19-3E42366D7FBE}.Debug|Any CPU.Build.0 = Debug|Any CPU
		{5CAC9DAB-8561-4383-AB19-3E42366D7FBE}.Release|Any CPU.ActiveCfg = Release|Any CPU
		{5CAC9DAB-8561-4383-AB19-3E42366D7FBE}.Release|Any CPU.Build.0 = Release|Any CPU
		{6258C65E-BC85-49ED-A17D-C4055BE6FAA7}.Debug|Any CPU.ActiveCfg = Debug|Any CPU
		{6258C65E-BC85-49ED-A17D-C4055BE6FAA7}.Debug|Any CPU.Build.0 = Debug|Any CPU
		{6258C65E-BC85-49ED-A17D-C4055BE6FAA7}.Release|Any CPU.ActiveCfg = Release|Any CPU
		{6258C65E-BC85-49ED-A17D-C4055BE6FAA7}.Release|Any CPU.Build.0 = Release|Any CPU
		{B9E50ADE-A992-4ABF-A21C-DE302373DD90}.Debug|Any CPU.ActiveCfg = Debug|Any CPU
		{B9E50ADE-A992-4ABF-A21C-DE302373DD90}.Debug|Any CPU.Build.0 = Debug|Any CPU
		{B9E50ADE-A992-4ABF-A21C-DE302373DD90}.Release|Any CPU.ActiveCfg = Release|Any CPU
		{B9E50ADE-A992-4ABF-A21C-DE302373DD90}.Release|Any CPU.Build.0 = Release|Any CPU
	EndGlobalSection
	GlobalSection(SolutionProperties) = preSolution
		HideSolutionNode = FALSE
	EndGlobalSection
	GlobalSection(ExtensibilityGlobals) = postSolution
		SolutionGuid = {C337CD28-4D5F-4C64-83EF-D3881F05E8FF}
	EndGlobalSection
EndGlobal
