
Microsoft Visual Studio Solution File, Format Version 12.00
# Visual Studio Version 16
VisualStudioVersion = 16.0.31205.134
MinimumVisualStudioVersion = 10.0.40219.1
Project("{FAE04EC0-301F-11D3-BF4B-00C04F79EFBC}") = "LeagueRecords.Application.Api", "LeagueRecords.Application.Api.csproj", "{F538D6FD-9877-41BD-985B-37B186BB41B2}"
EndProject
Project("{2150E333-8FDC-42A3-9474-1A3956D46DE8}") = "src", "src", "{CAFC33F5-D3BB-4AF1-9035-4F1BADAF6CA9}"
EndProject
Project("{FAE04EC0-301F-11D3-BF4B-00C04F79EFBC}") = "LeagueRecords.Application.Core", "..\LeagueRecords.Application.Core\LeagueRecords.Application.Core.csproj", "{BED0AE1D-2A0E-4878-8BA4-6404077B962C}"
EndProject
Project("{FAE04EC0-301F-11D3-BF4B-00C04F79EFBC}") = "LeagueRecords.Application.Db", "..\LeagueRecords.Application.Db\LeagueRecords.Application.Db.csproj", "{97F49410-2ABD-435E-8D6D-F9269CEC6C8E}"
EndProject
Project("{2150E333-8FDC-42A3-9474-1A3956D46DE8}") = "Test", "Test", "{4EEDAF62-177B-4289-8590-CE8E5D1A6FFF}"
EndProject
Global
	GlobalSection(SolutionConfigurationPlatforms) = preSolution
		Debug|Any CPU = Debug|Any CPU
		Release|Any CPU = Release|Any CPU
	EndGlobalSection
	GlobalSection(ProjectConfigurationPlatforms) = postSolution
		{F538D6FD-9877-41BD-985B-37B186BB41B2}.Debug|Any CPU.ActiveCfg = Debug|Any CPU
		{F538D6FD-9877-41BD-985B-37B186BB41B2}.Debug|Any CPU.Build.0 = Debug|Any CPU
		{F538D6FD-9877-41BD-985B-37B186BB41B2}.Release|Any CPU.ActiveCfg = Release|Any CPU
		{F538D6FD-9877-41BD-985B-37B186BB41B2}.Release|Any CPU.Build.0 = Release|Any CPU
		{BED0AE1D-2A0E-4878-8BA4-6404077B962C}.Debug|Any CPU.ActiveCfg = Debug|Any CPU
		{BED0AE1D-2A0E-4878-8BA4-6404077B962C}.Debug|Any CPU.Build.0 = Debug|Any CPU
		{BED0AE1D-2A0E-4878-8BA4-6404077B962C}.Release|Any CPU.ActiveCfg = Release|Any CPU
		{BED0AE1D-2A0E-4878-8BA4-6404077B962C}.Release|Any CPU.Build.0 = Release|Any CPU
		{97F49410-2ABD-435E-8D6D-F9269CEC6C8E}.Debug|Any CPU.ActiveCfg = Debug|Any CPU
		{97F49410-2ABD-435E-8D6D-F9269CEC6C8E}.Debug|Any CPU.Build.0 = Debug|Any CPU
		{97F49410-2ABD-435E-8D6D-F9269CEC6C8E}.Release|Any CPU.ActiveCfg = Release|Any CPU
		{97F49410-2ABD-435E-8D6D-F9269CEC6C8E}.Release|Any CPU.Build.0 = Release|Any CPU
	EndGlobalSection
	GlobalSection(SolutionProperties) = preSolution
		HideSolutionNode = FALSE
	EndGlobalSection
	GlobalSection(NestedProjects) = preSolution
		{F538D6FD-9877-41BD-985B-37B186BB41B2} = {CAFC33F5-D3BB-4AF1-9035-4F1BADAF6CA9}
		{BED0AE1D-2A0E-4878-8BA4-6404077B962C} = {CAFC33F5-D3BB-4AF1-9035-4F1BADAF6CA9}
		{97F49410-2ABD-435E-8D6D-F9269CEC6C8E} = {CAFC33F5-D3BB-4AF1-9035-4F1BADAF6CA9}
	EndGlobalSection
	GlobalSection(ExtensibilityGlobals) = postSolution
		SolutionGuid = {446136FE-A371-40B6-9BE2-C9A02DF58EAF}
	EndGlobalSection
EndGlobal
